
Microsoft Visual Studio Solution File, Format Version 12.00
Project("{FAE04EC0-301F-11D3-BF4B-00C04F79EFBC}") = "TestContainers.Xunit", "src\TestContainers.Xunit\TestContainers.Xunit.csproj", "{E7EBDFF5-891E-453E-A97D-67974E39BBAF}"
EndProject
Project("{FAE04EC0-301F-11D3-BF4B-00C04F79EFBC}") = "TestContainers.Xunit.IntegrationTests", "tests\TestContainers.Xunit.IntegrationTests\TestContainers.Xunit.IntegrationTests.csproj", "{35A216AE-1F00-4D05-B9D2-361E9FF7F8C0}"
EndProject
Global
	GlobalSection(SolutionConfigurationPlatforms) = preSolution
		Debug|Any CPU = Debug|Any CPU
		Release|Any CPU = Release|Any CPU
	EndGlobalSection
	GlobalSection(ProjectConfigurationPlatforms) = postSolution
		{E7EBDFF5-891E-453E-A97D-67974E39BBAF}.Debug|Any CPU.ActiveCfg = Debug|Any CPU
		{E7EBDFF5-891E-453E-A97D-67974E39BBAF}.Debug|Any CPU.Build.0 = Debug|Any CPU
		{E7EBDFF5-891E-453E-A97D-67974E39BBAF}.Release|Any CPU.ActiveCfg = Release|Any CPU
		{E7EBDFF5-891E-453E-A97D-67974E39BBAF}.Release|Any CPU.Build.0 = Release|Any CPU
		{35A216AE-1F00-4D05-B9D2-361E9FF7F8C0}.Debug|Any CPU.ActiveCfg = Debug|Any CPU
		{35A216AE-1F00-4D05-B9D2-361E9FF7F8C0}.Debug|Any CPU.Build.0 = Debug|Any CPU
		{35A216AE-1F00-4D05-B9D2-361E9FF7F8C0}.Release|Any CPU.ActiveCfg = Release|Any CPU
		{35A216AE-1F00-4D05-B9D2-361E9FF7F8C0}.Release|Any CPU.Build.0 = Release|Any CPU
	EndGlobalSection
EndGlobal
